
Microsoft Visual Studio Solution File, Format Version 12.00
# Visual Studio Version 17
VisualStudioVersion = 17.3.32819.101
MinimumVisualStudioVersion = 10.0.40219.1
Project("{FAE04EC0-301F-11D3-BF4B-00C04F79EFBC}") = "Exercise22", "Exercise22\Exercise22.csproj", "{EA1E1DCE-8956-472E-9D52-F8F4F2ED80F8}"
EndProject
Global
	GlobalSection(SolutionConfigurationPlatforms) = preSolution
		Debug|Any CPU = Debug|Any CPU
		Release|Any CPU = Release|Any CPU
	EndGlobalSection
	GlobalSection(ProjectConfigurationPlatforms) = postSolution
		{EA1E1DCE-8956-472E-9D52-F8F4F2ED80F8}.Debug|Any CPU.ActiveCfg = Debug|Any CPU
		{EA1E1DCE-8956-472E-9D52-F8F4F2ED80F8}.Debug|Any CPU.Build.0 = Debug|Any CPU
		{EA1E1DCE-8956-472E-9D52-F8F4F2ED80F8}.Release|Any CPU.ActiveCfg = Release|Any CPU
		{EA1E1DCE-8956-472E-9D52-F8F4F2ED80F8}.Release|Any CPU.Build.0 = Release|Any CPU
	EndGlobalSection
	GlobalSection(SolutionProperties) = preSolution
		HideSolutionNode = FALSE
	EndGlobalSection
	GlobalSection(ExtensibilityGlobals) = postSolution
		SolutionGuid = {FA9404F8-C65E-441C-A44F-EC0A9ED2D358}
	EndGlobalSection
EndGlobal
